
Microsoft Visual Studio Solution File, Format Version 12.00
# Visual Studio Version 17
VisualStudioVersion = 17.14.36915.13 d17.14
MinimumVisualStudioVersion = 10.0.40219.1
Project("{FAE04EC0-301F-11D3-BF4B-00C04F79EFBC}") = "T15_Slottet", "T15_Slottet\T15_Slottet.csproj", "{20B86B2C-B0DD-44D5-B437-C6F2EA24E8EA}"
EndProject
Global
	GlobalSection(SolutionConfigurationPlatforms) = preSolution
		Debug|Any CPU = Debug|Any CPU
		Release|Any CPU = Release|Any CPU
	EndGlobalSection
	GlobalSection(ProjectConfigurationPlatforms) = postSolution
		{20B86B2C-B0DD-44D5-B437-C6F2EA24E8EA}.Debug|Any CPU.ActiveCfg = Debug|Any CPU
		{20B86B2C-B0DD-44D5-B437-C6F2EA24E8EA}.Debug|Any CPU.Build.0 = Debug|Any CPU
		{20B86B2C-B0DD-44D5-B437-C6F2EA24E8EA}.Release|Any CPU.ActiveCfg = Release|Any CPU
		{20B86B2C-B0DD-44D5-B437-C6F2EA24E8EA}.Release|Any CPU.Build.0 = Release|Any CPU
	EndGlobalSection
	GlobalSection(SolutionProperties) = preSolution
		HideSolutionNode = FALSE
	EndGlobalSection
	GlobalSection(ExtensibilityGlobals) = postSolution
		SolutionGuid = {BBBC85C4-B291-4D54-92C6-CE9FEC3BDD95}
	EndGlobalSection
EndGlobal
